
Microsoft Visual Studio Solution File, Format Version 12.00
# Visual Studio Version 16
VisualStudioVersion = 16.0.31321.278
MinimumVisualStudioVersion = 10.0.40219.1
Project("{9A19103F-16F7-4668-BE54-9A1E7A4F7556}") = "PreparationProg", "PreparationProg\PreparationProg.csproj", "{DF5006E1-EA54-460F-A8A7-A0AF9905565E}"
EndProject
Project("{9A19103F-16F7-4668-BE54-9A1E7A4F7556}") = "Var5", "Var5\Var5.csproj", "{7F219C03-8AE5-4AC4-AA0E-2DCDB436B467}"
EndProject
Project("{9A19103F-16F7-4668-BE54-9A1E7A4F7556}") = "Var6", "Var6\Var6.csproj", "{A6698186-DC21-4108-9558-857D1603238E}"
EndProject
Project("{FAE04EC0-301F-11D3-BF4B-00C04F79EFBC}") = "Var7", "Var7\Var7.csproj", "{8275BC53-2008-43CB-B5AB-CB51FC27AAD6}"
EndProject
Project("{FAE04EC0-301F-11D3-BF4B-00C04F79EFBC}") = "Var08", "Var08\Var08.csproj", "{50B03DD7-EB7D-4431-856B-202B5BAE2708}"
EndProject
Project("{FAE04EC0-301F-11D3-BF4B-00C04F79EFBC}") = "Var9", "Var9\Var9.csproj", "{0C4FB661-E125-435B-AF13-4EFDCF7E9A8E}"
EndProject
Global
	GlobalSection(SolutionConfigurationPlatforms) = preSolution
		Debug|Any CPU = Debug|Any CPU
		Release|Any CPU = Release|Any CPU
	EndGlobalSection
	GlobalSection(ProjectConfigurationPlatforms) = postSolution
		{DF5006E1-EA54-460F-A8A7-A0AF9905565E}.Debug|Any CPU.ActiveCfg = Debug|Any CPU
		{DF5006E1-EA54-460F-A8A7-A0AF9905565E}.Debug|Any CPU.Build.0 = Debug|Any CPU
		{DF5006E1-EA54-460F-A8A7-A0AF9905565E}.Release|Any CPU.ActiveCfg = Release|Any CPU
		{DF5006E1-EA54-460F-A8A7-A0AF9905565E}.Release|Any CPU.Build.0 = Release|Any CPU
		{7F219C03-8AE5-4AC4-AA0E-2DCDB436B467}.Debug|Any CPU.ActiveCfg = Debug|Any CPU
		{7F219C03-8AE5-4AC4-AA0E-2DCDB436B467}.Debug|Any CPU.Build.0 = Debug|Any CPU
		{7F219C03-8AE5-4AC4-AA0E-2DCDB436B467}.Release|Any CPU.ActiveCfg = Release|Any CPU
		{7F219C03-8AE5-4AC4-AA0E-2DCDB436B467}.Release|Any CPU.Build.0 = Release|Any CPU
		{A6698186-DC21-4108-9558-857D1603238E}.Debug|Any CPU.ActiveCfg = Debug|Any CPU
		{A6698186-DC21-4108-9558-857D1603238E}.Debug|Any CPU.Build.0 = Debug|Any CPU
		{A6698186-DC21-4108-9558-857D1603238E}.Release|Any CPU.ActiveCfg = Release|Any CPU
		{A6698186-DC21-4108-9558-857D1603238E}.Release|Any CPU.Build.0 = Release|Any CPU
		{8275BC53-2008-43CB-B5AB-CB51FC27AAD6}.Debug|Any CPU.ActiveCfg = Debug|Any CPU
		{8275BC53-2008-43CB-B5AB-CB51FC27AAD6}.Debug|Any CPU.Build.0 = Debug|Any CPU
		{8275BC53-2008-43CB-B5AB-CB51FC27AAD6}.Release|Any CPU.ActiveCfg = Release|Any CPU
		{8275BC53-2008-43CB-B5AB-CB51FC27AAD6}.Release|Any CPU.Build.0 = Release|Any CPU
		{50B03DD7-EB7D-4431-856B-202B5BAE2708}.Debug|Any CPU.ActiveCfg = Debug|Any CPU
		{50B03DD7-EB7D-4431-856B-202B5BAE2708}.Debug|Any CPU.Build.0 = Debug|Any CPU
		{50B03DD7-EB7D-4431-856B-202B5BAE2708}.Release|Any CPU.ActiveCfg = Release|Any CPU
		{50B03DD7-EB7D-4431-856B-202B5BAE2708}.Release|Any CPU.Build.0 = Release|Any CPU
		{0C4FB661-E125-435B-AF13-4EFDCF7E9A8E}.Debug|Any CPU.ActiveCfg = Debug|Any CPU
		{0C4FB661-E125-435B-AF13-4EFDCF7E9A8E}.Debug|Any CPU.Build.0 = Debug|Any CPU
		{0C4FB661-E125-435B-AF13-4EFDCF7E9A8E}.Release|Any CPU.ActiveCfg = Release|Any CPU
		{0C4FB661-E125-435B-AF13-4EFDCF7E9A8E}.Release|Any CPU.Build.0 = Release|Any CPU
	EndGlobalSection
	GlobalSection(SolutionProperties) = preSolution
		HideSolutionNode = FALSE
	EndGlobalSection
	GlobalSection(ExtensibilityGlobals) = postSolution
		SolutionGuid = {C814E07C-86B3-4C3E-8324-CEE33C0657D1}
	EndGlobalSection
EndGlobal
